
Microsoft Visual Studio Solution File, Format Version 12.00
# Visual Studio 15
VisualStudioVersion = 15.0.27130.2036
MinimumVisualStudioVersion = 10.0.40219.1
Project("{FAE04EC0-301F-11D3-BF4B-00C04F79EFBC}") = "TaxiService", "TaxiService\TaxiService.csproj", "{BA299C58-E840-40D2-AA35-D0342FF9EE01}"
EndProject
Global
	GlobalSection(SolutionConfigurationPlatforms) = preSolution
		Debug|Any CPU = Debug|Any CPU
		Release|Any CPU = Release|Any CPU
	EndGlobalSection
	GlobalSection(ProjectConfigurationPlatforms) = postSolution
		{BA299C58-E840-40D2-AA35-D0342FF9EE01}.Debug|Any CPU.ActiveCfg = Debug|Any CPU
		{BA299C58-E840-40D2-AA35-D0342FF9EE01}.Debug|Any CPU.Build.0 = Debug|Any CPU
		{BA299C58-E840-40D2-AA35-D0342FF9EE01}.Release|Any CPU.ActiveCfg = Release|Any CPU
		{BA299C58-E840-40D2-AA35-D0342FF9EE01}.Release|Any CPU.Build.0 = Release|Any CPU
	EndGlobalSection
	GlobalSection(SolutionProperties) = preSolution
		HideSolutionNode = FALSE
	EndGlobalSection
	GlobalSection(ExtensibilityGlobals) = postSolution
		SolutionGuid = {1EDF9506-DC4A-4D43-A945-D29C04CFF0EA}
	EndGlobalSection
EndGlobal
